
Microsoft Visual Studio Solution File, Format Version 12.00
# Visual Studio Version 17
VisualStudioVersion = 17.13.35913.81 d17.13
MinimumVisualStudioVersion = 10.0.40219.1
Project("{FAE04EC0-301F-11D3-BF4B-00C04F79EFBC}") = "WinFormsApp1", "WinFormsApp1\WinFormsApp1.csproj", "{560D23FF-F70C-4110-8393-AEB1A1F7385D}"
EndProject
Global
	GlobalSection(SolutionConfigurationPlatforms) = preSolution
		Debug|Any CPU = Debug|Any CPU
		Release|Any CPU = Release|Any CPU
	EndGlobalSection
	GlobalSection(ProjectConfigurationPlatforms) = postSolution
		{560D23FF-F70C-4110-8393-AEB1A1F7385D}.Debug|Any CPU.ActiveCfg = Debug|Any CPU
		{560D23FF-F70C-4110-8393-AEB1A1F7385D}.Debug|Any CPU.Build.0 = Debug|Any CPU
		{560D23FF-F70C-4110-8393-AEB1A1F7385D}.Release|Any CPU.ActiveCfg = Release|Any CPU
		{560D23FF-F70C-4110-8393-AEB1A1F7385D}.Release|Any CPU.Build.0 = Release|Any CPU
	EndGlobalSection
	GlobalSection(SolutionProperties) = preSolution
		HideSolutionNode = FALSE
	EndGlobalSection
	GlobalSection(ExtensibilityGlobals) = postSolution
		SolutionGuid = {FF725420-0B47-4B38-B0A3-61EB6E7FF7D1}
	EndGlobalSection
EndGlobal
